
Microsoft Visual Studio Solution File, Format Version 12.00
# Visual Studio Version 17
VisualStudioVersion = 17.5.33530.505
MinimumVisualStudioVersion = 10.0.40219.1
Project("{FAE04EC0-301F-11D3-BF4B-00C04F79EFBC}") = "Week8EpicGame", "Week8EpicGame\Week8EpicGame.csproj", "{34B8088E-FA41-42A1-80C7-4447711C58E3}"
EndProject
Global
	GlobalSection(SolutionConfigurationPlatforms) = preSolution
		Debug|Any CPU = Debug|Any CPU
		Release|Any CPU = Release|Any CPU
	EndGlobalSection
	GlobalSection(ProjectConfigurationPlatforms) = postSolution
		{34B8088E-FA41-42A1-80C7-4447711C58E3}.Debug|Any CPU.ActiveCfg = Debug|Any CPU
		{34B8088E-FA41-42A1-80C7-4447711C58E3}.Debug|Any CPU.Build.0 = Debug|Any CPU
		{34B8088E-FA41-42A1-80C7-4447711C58E3}.Release|Any CPU.ActiveCfg = Release|Any CPU
		{34B8088E-FA41-42A1-80C7-4447711C58E3}.Release|Any CPU.Build.0 = Release|Any CPU
	EndGlobalSection
	GlobalSection(SolutionProperties) = preSolution
		HideSolutionNode = FALSE
	EndGlobalSection
	GlobalSection(ExtensibilityGlobals) = postSolution
		SolutionGuid = {26AD189E-573A-4685-90C9-8F0660D85999}
	EndGlobalSection
EndGlobal
